// !$*UTF8*$!
{
	archiveVersion = 1;
	classes = {
	};
	objectVersion = 56;
	objects = {

/* Begin PBXBuildFile section */
		491F45492C80F6AD00B8CC53 /* TruthFirmApp.swift in Sources */ = {isa = PBXBuildFile; fileRef = 491F45482C80F6AD00B8CC53 /* TruthFirmApp.swift */; };
		491F454D2C80F6AE00B8CC53 /* Assets.xcassets in Resources */ = {isa = PBXBuildFile; fileRef = 491F454C2C80F6AE00B8CC53 /* Assets.xcassets */; };
		491F45502C80F6AE00B8CC53 /* Preview Assets.xcassets in Resources */ = {isa = PBXBuildFile; fileRef = 491F454F2C80F6AE00B8CC53 /* Preview Assets.xcassets */; };
		491F45572C80F6F300B8CC53 /* GoogleService-Info.plist in Resources */ = {isa = PBXBuildFile; fileRef = 491F45562C80F6F300B8CC53 /* GoogleService-Info.plist */; };
		491F455A2C80F79E00B8CC53 /* FirebaseAnalytics in Frameworks */ = {isa = PBXBuildFile; productRef = 491F45592C80F79E00B8CC53 /* FirebaseAnalytics */; };
		491F455C2C80F79E00B8CC53 /* FirebaseAuth in Frameworks */ = {isa = PBXBuildFile; productRef = 491F455B2C80F79E00B8CC53 /* FirebaseAuth */; };
		491F455E2C80F79E00B8CC53 /* FirebaseFirestore in Frameworks */ = {isa = PBXBuildFile; productRef = 491F455D2C80F79E00B8CC53 /* FirebaseFirestore */; };
		492BC4EB2C8260DD0021C5D9 /* FirmCreatePage.swift in Sources */ = {isa = PBXBuildFile; fileRef = 492BC4EA2C8260DD0021C5D9 /* FirmCreatePage.swift */; };
		492BC4ED2C8261EE0021C5D9 /* FirmModel.swift in Sources */ = {isa = PBXBuildFile; fileRef = 492BC4EC2C8261EE0021C5D9 /* FirmModel.swift */; };
		492BC4EF2C8261FA0021C5D9 /* FirmCreateViewModel.swift in Sources */ = {isa = PBXBuildFile; fileRef = 492BC4EE2C8261FA0021C5D9 /* FirmCreateViewModel.swift */; };
		492BC4F12C8262AC0021C5D9 /* StarRatingView.swift in Sources */ = {isa = PBXBuildFile; fileRef = 492BC4F02C8262AC0021C5D9 /* StarRatingView.swift */; };
		492BC4F32C826DFA0021C5D9 /* CityModel.swift in Sources */ = {isa = PBXBuildFile; fileRef = 492BC4F22C826DFA0021C5D9 /* CityModel.swift */; };
		492BC4F62C826F0A0021C5D9 /* cities.json in Resources */ = {isa = PBXBuildFile; fileRef = 492BC4F52C826F0A0021C5D9 /* cities.json */; };
		492BC4F92C8339C50021C5D9 /* String+Ext.swift in Sources */ = {isa = PBXBuildFile; fileRef = 492BC4F82C8339C50021C5D9 /* String+Ext.swift */; };
		492BC4FB2C833D800021C5D9 /* UserInfo.swift in Sources */ = {isa = PBXBuildFile; fileRef = 492BC4FA2C833D800021C5D9 /* UserInfo.swift */; };
		49B5F7882C80FDA8006E7A44 /* AuthService.swift in Sources */ = {isa = PBXBuildFile; fileRef = 49B5F7872C80FDA8006E7A44 /* AuthService.swift */; };
		49B5F78A2C80FDD3006E7A44 /* LoginViewModel.swift in Sources */ = {isa = PBXBuildFile; fileRef = 49B5F7892C80FDD3006E7A44 /* LoginViewModel.swift */; };
		49B5F78C2C80FDE6006E7A44 /* LoginPage.swift in Sources */ = {isa = PBXBuildFile; fileRef = 49B5F78B2C80FDE6006E7A44 /* LoginPage.swift */; };
		49B5F78E2C80FDFD006E7A44 /* FirebaseFunctions in Frameworks */ = {isa = PBXBuildFile; productRef = 49B5F78D2C80FDFD006E7A44 /* FirebaseFunctions */; };
		49B5F7902C80FE43006E7A44 /* UserModel.swift in Sources */ = {isa = PBXBuildFile; fileRef = 49B5F78F2C80FE43006E7A44 /* UserModel.swift */; };
		49B5F7922C81D52C006E7A44 /* RegisterViewModel.swift in Sources */ = {isa = PBXBuildFile; fileRef = 49B5F7912C81D52C006E7A44 /* RegisterViewModel.swift */; };
		49B5F7942C81D541006E7A44 /* RegisterPage.swift in Sources */ = {isa = PBXBuildFile; fileRef = 49B5F7932C81D541006E7A44 /* RegisterPage.swift */; };
		49B5F7962C81D7C5006E7A44 /* FeedPage.swift in Sources */ = {isa = PBXBuildFile; fileRef = 49B5F7952C81D7C5006E7A44 /* FeedPage.swift */; };
		49B5F7982C81E6E3006E7A44 /* FirmTabView.swift in Sources */ = {isa = PBXBuildFile; fileRef = 49B5F7972C81E6E3006E7A44 /* FirmTabView.swift */; };
		49B5F79A2C81ED9B006E7A44 /* AppViewModel.swift in Sources */ = {isa = PBXBuildFile; fileRef = 49B5F7992C81ED9B006E7A44 /* AppViewModel.swift */; };
		49B5F79C2C825283006E7A44 /* FeedViewModel.swift in Sources */ = {isa = PBXBuildFile; fileRef = 49B5F79B2C825283006E7A44 /* FeedViewModel.swift */; };
		49B5F79F2C8256D3006E7A44 /* LoadingView.swift in Sources */ = {isa = PBXBuildFile; fileRef = 49B5F79E2C8256D3006E7A44 /* LoadingView.swift */; };
		49B6C8802C835594008D62A7 /* Date+Ext.swift in Sources */ = {isa = PBXBuildFile; fileRef = 49B6C87F2C835594008D62A7 /* Date+Ext.swift */; };
		49B6C8842C836907008D62A7 /* RootView.swift in Sources */ = {isa = PBXBuildFile; fileRef = 49B6C8832C836907008D62A7 /* RootView.swift */; };
		49B6C8862C83722A008D62A7 /* AuthViewModel.swift in Sources */ = {isa = PBXBuildFile; fileRef = 49B6C8852C83722A008D62A7 /* AuthViewModel.swift */; };
		49B6C8882C8375BF008D62A7 /* ProfilePage.swift in Sources */ = {isa = PBXBuildFile; fileRef = 49B6C8872C8375BF008D62A7 /* ProfilePage.swift */; };
		49B6C88A2C848B52008D62A7 /* FeedPostCardView.swift in Sources */ = {isa = PBXBuildFile; fileRef = 49B6C8892C848B52008D62A7 /* FeedPostCardView.swift */; };
		49B6C88C2C849247008D62A7 /* AuthInputFieldView.swift in Sources */ = {isa = PBXBuildFile; fileRef = 49B6C88B2C849247008D62A7 /* AuthInputFieldView.swift */; };
		49B6C8902C84945F008D62A7 /* AuthTopView.swift in Sources */ = {isa = PBXBuildFile; fileRef = 49B6C88F2C84945F008D62A7 /* AuthTopView.swift */; };
		49B6C8932C849A6D008D62A7 /* AuthInputView.swift in Sources */ = {isa = PBXBuildFile; fileRef = 49B6C8922C849A6D008D62A7 /* AuthInputView.swift */; };
		49B6C8952C849FD1008D62A7 /* SearchViewModel.swift in Sources */ = {isa = PBXBuildFile; fileRef = 49B6C8942C849FD1008D62A7 /* SearchViewModel.swift */; };
		49B6C8972C84A007008D62A7 /* SearchPage.swift in Sources */ = {isa = PBXBuildFile; fileRef = 49B6C8962C84A007008D62A7 /* SearchPage.swift */; };
		49B6C8992C84BA46008D62A7 /* FirmCardView.swift in Sources */ = {isa = PBXBuildFile; fileRef = 49B6C8982C84BA46008D62A7 /* FirmCardView.swift */; };
		49B6C89B2C84BF0E008D62A7 /* FirmPage.swift in Sources */ = {isa = PBXBuildFile; fileRef = 49B6C89A2C84BF0E008D62A7 /* FirmPage.swift */; };
		49B6C89D2C84BF25008D62A7 /* FirmViewModel.swift in Sources */ = {isa = PBXBuildFile; fileRef = 49B6C89C2C84BF25008D62A7 /* FirmViewModel.swift */; };
		49B6C8A02C84C848008D62A7 /* FirmDetailTopView.swift in Sources */ = {isa = PBXBuildFile; fileRef = 49B6C89F2C84C848008D62A7 /* FirmDetailTopView.swift */; };
		49B6C8A22C84E3C1008D62A7 /* ReviewCardView.swift in Sources */ = {isa = PBXBuildFile; fileRef = 49B6C8A12C84E3C1008D62A7 /* ReviewCardView.swift */; };
/* End PBXBuildFile section */

/* Begin PBXFileReference section */
		491F45452C80F6AD00B8CC53 /* TruthFirm.app */ = {isa = PBXFileReference; explicitFileType = wrapper.application; includeInIndex = 0; path = TruthFirm.app; sourceTree = BUILT_PRODUCTS_DIR; };
		491F45482C80F6AD00B8CC53 /* TruthFirmApp.swift */ = {isa = PBXFileReference; lastKnownFileType = sourcecode.swift; path = TruthFirmApp.swift; sourceTree = "<group>"; };
		491F454C2C80F6AE00B8CC53 /* Assets.xcassets */ = {isa = PBXFileReference; lastKnownFileType = folder.assetcatalog; path = Assets.xcassets; sourceTree = "<group>"; };
		491F454F2C80F6AE00B8CC53 /* Preview Assets.xcassets */ = {isa = PBXFileReference; lastKnownFileType = folder.assetcatalog; path = "Preview Assets.xcassets"; sourceTree = "<group>"; };
		491F45562C80F6F300B8CC53 /* GoogleService-Info.plist */ = {isa = PBXFileReference; fileEncoding = 4; lastKnownFileType = text.plist.xml; path = "GoogleService-Info.plist"; sourceTree = "<group>"; };
		492BC4EA2C8260DD0021C5D9 /* FirmCreatePage.swift */ = {isa = PBXFileReference; lastKnownFileType = sourcecode.swift; path = FirmCreatePage.swift; sourceTree = "<group>"; };
		492BC4EC2C8261EE0021C5D9 /* FirmModel.swift */ = {isa = PBXFileReference; lastKnownFileType = sourcecode.swift; path = FirmModel.swift; sourceTree = "<group>"; };
		492BC4EE2C8261FA0021C5D9 /* FirmCreateViewModel.swift */ = {isa = PBXFileReference; lastKnownFileType = sourcecode.swift; path = FirmCreateViewModel.swift; sourceTree = "<group>"; };
		492BC4F02C8262AC0021C5D9 /* StarRatingView.swift */ = {isa = PBXFileReference; lastKnownFileType = sourcecode.swift; path = StarRatingView.swift; sourceTree = "<group>"; };
		492BC4F22C826DFA0021C5D9 /* CityModel.swift */ = {isa = PBXFileReference; lastKnownFileType = sourcecode.swift; path = CityModel.swift; sourceTree = "<group>"; };
		492BC4F52C826F0A0021C5D9 /* cities.json */ = {isa = PBXFileReference; fileEncoding = 4; lastKnownFileType = text.json; path = cities.json; sourceTree = "<group>"; };
		492BC4F82C8339C50021C5D9 /* String+Ext.swift */ = {isa = PBXFileReference; lastKnownFileType = sourcecode.swift; path = "String+Ext.swift"; sourceTree = "<group>"; };
		492BC4FA2C833D800021C5D9 /* UserInfo.swift */ = {isa = PBXFileReference; lastKnownFileType = sourcecode.swift; path = UserInfo.swift; sourceTree = "<group>"; };
		49B5F7872C80FDA8006E7A44 /* AuthService.swift */ = {isa = PBXFileReference; lastKnownFileType = sourcecode.swift; path = AuthService.swift; sourceTree = "<group>"; };
		49B5F7892C80FDD3006E7A44 /* LoginViewModel.swift */ = {isa = PBXFileReference; lastKnownFileType = sourcecode.swift; path = LoginViewModel.swift; sourceTree = "<group>"; };
		49B5F78B2C80FDE6006E7A44 /* LoginPage.swift */ = {isa = PBXFileReference; lastKnownFileType = sourcecode.swift; path = LoginPage.swift; sourceTree = "<group>"; };
		49B5F78F2C80FE43006E7A44 /* UserModel.swift */ = {isa = PBXFileReference; lastKnownFileType = sourcecode.swift; path = UserModel.swift; sourceTree = "<group>"; };
		49B5F7912C81D52C006E7A44 /* RegisterViewModel.swift */ = {isa = PBXFileReference; lastKnownFileType = sourcecode.swift; path = RegisterViewModel.swift; sourceTree = "<group>"; };
		49B5F7932C81D541006E7A44 /* RegisterPage.swift */ = {isa = PBXFileReference; lastKnownFileType = sourcecode.swift; path = RegisterPage.swift; sourceTree = "<group>"; };
		49B5F7952C81D7C5006E7A44 /* FeedPage.swift */ = {isa = PBXFileReference; lastKnownFileType = sourcecode.swift; path = FeedPage.swift; sourceTree = "<group>"; };
		49B5F7972C81E6E3006E7A44 /* FirmTabView.swift */ = {isa = PBXFileReference; lastKnownFileType = sourcecode.swift; path = FirmTabView.swift; sourceTree = "<group>"; };
		49B5F7992C81ED9B006E7A44 /* AppViewModel.swift */ = {isa = PBXFileReference; lastKnownFileType = sourcecode.swift; path = AppViewModel.swift; sourceTree = "<group>"; };
		49B5F79B2C825283006E7A44 /* FeedViewModel.swift */ = {isa = PBXFileReference; lastKnownFileType = sourcecode.swift; path = FeedViewModel.swift; sourceTree = "<group>"; };
		49B5F79E2C8256D3006E7A44 /* LoadingView.swift */ = {isa = PBXFileReference; lastKnownFileType = sourcecode.swift; path = LoadingView.swift; sourceTree = "<group>"; };
		49B6C87F2C835594008D62A7 /* Date+Ext.swift */ = {isa = PBXFileReference; lastKnownFileType = sourcecode.swift; path = "Date+Ext.swift"; sourceTree = "<group>"; };
		49B6C8832C836907008D62A7 /* RootView.swift */ = {isa = PBXFileReference; lastKnownFileType = sourcecode.swift; path = RootView.swift; sourceTree = "<group>"; };
		49B6C8852C83722A008D62A7 /* AuthViewModel.swift */ = {isa = PBXFileReference; lastKnownFileType = sourcecode.swift; path = AuthViewModel.swift; sourceTree = "<group>"; };
		49B6C8872C8375BF008D62A7 /* ProfilePage.swift */ = {isa = PBXFileReference; lastKnownFileType = sourcecode.swift; path = ProfilePage.swift; sourceTree = "<group>"; };
		49B6C8892C848B52008D62A7 /* FeedPostCardView.swift */ = {isa = PBXFileReference; lastKnownFileType = sourcecode.swift; path = FeedPostCardView.swift; sourceTree = "<group>"; };
		49B6C88B2C849247008D62A7 /* AuthInputFieldView.swift */ = {isa = PBXFileReference; lastKnownFileType = sourcecode.swift; path = AuthInputFieldView.swift; sourceTree = "<group>"; };
		49B6C88F2C84945F008D62A7 /* AuthTopView.swift */ = {isa = PBXFileReference; lastKnownFileType = sourcecode.swift; path = AuthTopView.swift; sourceTree = "<group>"; };
		49B6C8922C849A6D008D62A7 /* AuthInputView.swift */ = {isa = PBXFileReference; lastKnownFileType = sourcecode.swift; path = AuthInputView.swift; sourceTree = "<group>"; };
		49B6C8942C849FD1008D62A7 /* SearchViewModel.swift */ = {isa = PBXFileReference; lastKnownFileType = sourcecode.swift; path = SearchViewModel.swift; sourceTree = "<group>"; };
		49B6C8962C84A007008D62A7 /* SearchPage.swift */ = {isa = PBXFileReference; lastKnownFileType = sourcecode.swift; path = SearchPage.swift; sourceTree = "<group>"; };
		49B6C8982C84BA46008D62A7 /* FirmCardView.swift */ = {isa = PBXFileReference; lastKnownFileType = sourcecode.swift; path = FirmCardView.swift; sourceTree = "<group>"; };
		49B6C89A2C84BF0E008D62A7 /* FirmPage.swift */ = {isa = PBXFileReference; lastKnownFileType = sourcecode.swift; path = FirmPage.swift; sourceTree = "<group>"; };
		49B6C89C2C84BF25008D62A7 /* FirmViewModel.swift */ = {isa = PBXFileReference; lastKnownFileType = sourcecode.swift; path = FirmViewModel.swift; sourceTree = "<group>"; };
		49B6C89F2C84C848008D62A7 /* FirmDetailTopView.swift */ = {isa = PBXFileReference; lastKnownFileType = sourcecode.swift; path = FirmDetailTopView.swift; sourceTree = "<group>"; };
		49B6C8A12C84E3C1008D62A7 /* ReviewCardView.swift */ = {isa = PBXFileReference; lastKnownFileType = sourcecode.swift; path = ReviewCardView.swift; sourceTree = "<group>"; };
/* End PBXFileReference section */

/* Begin PBXFrameworksBuildPhase section */
		491F45422C80F6AD00B8CC53 /* Frameworks */ = {
			isa = PBXFrameworksBuildPhase;
			buildActionMask = 2147483647;
			files = (
				491F455A2C80F79E00B8CC53 /* FirebaseAnalytics in Frameworks */,
				491F455C2C80F79E00B8CC53 /* FirebaseAuth in Frameworks */,
				491F455E2C80F79E00B8CC53 /* FirebaseFirestore in Frameworks */,
				49B5F78E2C80FDFD006E7A44 /* FirebaseFunctions in Frameworks */,
			);
			runOnlyForDeploymentPostprocessing = 0;
		};
/* End PBXFrameworksBuildPhase section */

/* Begin PBXGroup section */
		491F453C2C80F6AD00B8CC53 = {
			isa = PBXGroup;
			children = (
				491F45472C80F6AD00B8CC53 /* TruthFirm */,
				491F45462C80F6AD00B8CC53 /* Products */,
			);
			sourceTree = "<group>";
		};
		491F45462C80F6AD00B8CC53 /* Products */ = {
			isa = PBXGroup;
			children = (
				491F45452C80F6AD00B8CC53 /* TruthFirm.app */,
			);
			name = Products;
			sourceTree = "<group>";
		};
		491F45472C80F6AD00B8CC53 /* TruthFirm */ = {
			isa = PBXGroup;
			children = (
				49B6C8822C8368FC008D62A7 /* Root */,
				492BC4F72C8339B80021C5D9 /* Extension */,
				492BC4F42C826F030021C5D9 /* Data */,
				49B5F79D2C8256C4006E7A44 /* CustomViews */,
				49B5F7862C80FD77006E7A44 /* Services */,
				49B5F7852C80FD71006E7A44 /* Views */,
				49B5F7842C80FD65006E7A44 /* ViewModels */,
				49B5F7832C80FD5F006E7A44 /* Models */,
				491F45562C80F6F300B8CC53 /* GoogleService-Info.plist */,
				491F45482C80F6AD00B8CC53 /* TruthFirmApp.swift */,
				491F454C2C80F6AE00B8CC53 /* Assets.xcassets */,
				491F454E2C80F6AE00B8CC53 /* Preview Content */,
			);
			path = TruthFirm;
			sourceTree = "<group>";
		};
		491F454E2C80F6AE00B8CC53 /* Preview Content */ = {
			isa = PBXGroup;
			children = (
				491F454F2C80F6AE00B8CC53 /* Preview Assets.xcassets */,
			);
			path = "Preview Content";
			sourceTree = "<group>";
		};
		492BC4F42C826F030021C5D9 /* Data */ = {
			isa = PBXGroup;
			children = (
				492BC4F52C826F0A0021C5D9 /* cities.json */,
				492BC4FA2C833D800021C5D9 /* UserInfo.swift */,
			);
			name = Data;
			sourceTree = "<group>";
		};
		492BC4F72C8339B80021C5D9 /* Extension */ = {
			isa = PBXGroup;
			children = (
				492BC4F82C8339C50021C5D9 /* String+Ext.swift */,
				49B6C87F2C835594008D62A7 /* Date+Ext.swift */,
			);
			path = Extension;
			sourceTree = "<group>";
		};
		49B5F7832C80FD5F006E7A44 /* Models */ = {
			isa = PBXGroup;
			children = (
				49B5F78F2C80FE43006E7A44 /* UserModel.swift */,
				492BC4EC2C8261EE0021C5D9 /* FirmModel.swift */,
				492BC4F22C826DFA0021C5D9 /* CityModel.swift */,
			);
			name = Models;
			sourceTree = "<group>";
		};
		49B5F7842C80FD65006E7A44 /* ViewModels */ = {
			isa = PBXGroup;
			children = (
				49B5F7892C80FDD3006E7A44 /* LoginViewModel.swift */,
				49B5F7912C81D52C006E7A44 /* RegisterViewModel.swift */,
				49B5F7992C81ED9B006E7A44 /* AppViewModel.swift */,
				49B5F79B2C825283006E7A44 /* FeedViewModel.swift */,
				492BC4EE2C8261FA0021C5D9 /* FirmCreateViewModel.swift */,
				49B6C8852C83722A008D62A7 /* AuthViewModel.swift */,
				49B6C8942C849FD1008D62A7 /* SearchViewModel.swift */,
				49B6C89C2C84BF25008D62A7 /* FirmViewModel.swift */,
			);
			name = ViewModels;
			sourceTree = "<group>";
		};
		49B5F7852C80FD71006E7A44 /* Views */ = {
			isa = PBXGroup;
			children = (
				49B5F78B2C80FDE6006E7A44 /* LoginPage.swift */,
				49B5F7932C81D541006E7A44 /* RegisterPage.swift */,
				49B5F7952C81D7C5006E7A44 /* FeedPage.swift */,
				49B5F7972C81E6E3006E7A44 /* FirmTabView.swift */,
				492BC4EA2C8260DD0021C5D9 /* FirmCreatePage.swift */,
				49B6C8872C8375BF008D62A7 /* ProfilePage.swift */,
				49B6C8962C84A007008D62A7 /* SearchPage.swift */,
				49B6C89A2C84BF0E008D62A7 /* FirmPage.swift */,
			);
			path = Views;
			sourceTree = "<group>";
		};
		49B5F7862C80FD77006E7A44 /* Services */ = {
			isa = PBXGroup;
			children = (
				49B5F7872C80FDA8006E7A44 /* AuthService.swift */,
			);
			name = Services;
			sourceTree = "<group>";
		};
		49B5F79D2C8256C4006E7A44 /* CustomViews */ = {
			isa = PBXGroup;
			children = (
				49B6C89E2C84C835008D62A7 /* FirmDetail */,
				49B6C8912C849A5B008D62A7 /* Auth */,
				49B5F79E2C8256D3006E7A44 /* LoadingView.swift */,
				492BC4F02C8262AC0021C5D9 /* StarRatingView.swift */,
				49B6C8892C848B52008D62A7 /* FeedPostCardView.swift */,
				49B6C8982C84BA46008D62A7 /* FirmCardView.swift */,
			);
			path = CustomViews;
			sourceTree = "<group>";
		};
		49B6C8822C8368FC008D62A7 /* Root */ = {
			isa = PBXGroup;
			children = (
				49B6C8832C836907008D62A7 /* RootView.swift */,
			);
			path = Root;
			sourceTree = "<group>";
		};
		49B6C8912C849A5B008D62A7 /* Auth */ = {
			isa = PBXGroup;
			children = (
				49B6C88B2C849247008D62A7 /* AuthInputFieldView.swift */,
				49B6C88F2C84945F008D62A7 /* AuthTopView.swift */,
				49B6C8922C849A6D008D62A7 /* AuthInputView.swift */,
			);
			path = Auth;
			sourceTree = "<group>";
		};
		49B6C89E2C84C835008D62A7 /* FirmDetail */ = {
			isa = PBXGroup;
			children = (
				49B6C89F2C84C848008D62A7 /* FirmDetailTopView.swift */,
				49B6C8A12C84E3C1008D62A7 /* ReviewCardView.swift */,
			);
			path = FirmDetail;
			sourceTree = "<group>";
		};
/* End PBXGroup section */

/* Begin PBXNativeTarget section */
		491F45442C80F6AD00B8CC53 /* TruthFirm */ = {
			isa = PBXNativeTarget;
			buildConfigurationList = 491F45532C80F6AE00B8CC53 /* Build configuration list for PBXNativeTarget "TruthFirm" */;
			buildPhases = (
				491F45412C80F6AD00B8CC53 /* Sources */,
				491F45422C80F6AD00B8CC53 /* Frameworks */,
				491F45432C80F6AD00B8CC53 /* Resources */,
			);
			buildRules = (
			);
			dependencies = (
			);
			name = TruthFirm;
			packageProductDependencies = (
				491F45592C80F79E00B8CC53 /* FirebaseAnalytics */,
				491F455B2C80F79E00B8CC53 /* FirebaseAuth */,
				491F455D2C80F79E00B8CC53 /* FirebaseFirestore */,
				49B5F78D2C80FDFD006E7A44 /* FirebaseFunctions */,
			);
			productName = TruthFirm;
			productReference = 491F45452C80F6AD00B8CC53 /* TruthFirm.app */;
			productType = "com.apple.product-type.application";
		};
/* End PBXNativeTarget section */

/* Begin PBXProject section */
		491F453D2C80F6AD00B8CC53 /* Project object */ = {
			isa = PBXProject;
			attributes = {
				BuildIndependentTargetsInParallel = 1;
				LastSwiftUpdateCheck = 1530;
				LastUpgradeCheck = 1530;
				TargetAttributes = {
					491F45442C80F6AD00B8CC53 = {
						CreatedOnToolsVersion = 15.3;
					};
				};
			};
			buildConfigurationList = 491F45402C80F6AD00B8CC53 /* Build configuration list for PBXProject "TruthFirm" */;
			compatibilityVersion = "Xcode 14.0";
			developmentRegion = en;
			hasScannedForEncodings = 0;
			knownRegions = (
				en,
				Base,
			);
			mainGroup = 491F453C2C80F6AD00B8CC53;
			packageReferences = (
				491F45582C80F79E00B8CC53 /* XCRemoteSwiftPackageReference "firebase-ios-sdk" */,
			);
			productRefGroup = 491F45462C80F6AD00B8CC53 /* Products */;
			projectDirPath = "";
			projectRoot = "";
			targets = (
				491F45442C80F6AD00B8CC53 /* TruthFirm */,
			);
		};
/* End PBXProject section */

/* Begin PBXResourcesBuildPhase section */
		491F45432C80F6AD00B8CC53 /* Resources */ = {
			isa = PBXResourcesBuildPhase;
			buildActionMask = 2147483647;
			files = (
				492BC4F62C826F0A0021C5D9 /* cities.json in Resources */,
				491F45502C80F6AE00B8CC53 /* Preview Assets.xcassets in Resources */,
				491F454D2C80F6AE00B8CC53 /* Assets.xcassets in Resources */,
				491F45572C80F6F300B8CC53 /* GoogleService-Info.plist in Resources */,
			);
			runOnlyForDeploymentPostprocessing = 0;
		};
/* End PBXResourcesBuildPhase section */

/* Begin PBXSourcesBuildPhase section */
		491F45412C80F6AD00B8CC53 /* Sources */ = {
			isa = PBXSourcesBuildPhase;
			buildActionMask = 2147483647;
			files = (
				49B6C88A2C848B52008D62A7 /* FeedPostCardView.swift in Sources */,
				492BC4FB2C833D800021C5D9 /* UserInfo.swift in Sources */,
				492BC4F92C8339C50021C5D9 /* String+Ext.swift in Sources */,
				49B5F79A2C81ED9B006E7A44 /* AppViewModel.swift in Sources */,
				49B6C8932C849A6D008D62A7 /* AuthInputView.swift in Sources */,
				492BC4F32C826DFA0021C5D9 /* CityModel.swift in Sources */,
				49B5F78A2C80FDD3006E7A44 /* LoginViewModel.swift in Sources */,
				49B5F7942C81D541006E7A44 /* RegisterPage.swift in Sources */,
				49B6C89D2C84BF25008D62A7 /* FirmViewModel.swift in Sources */,
				492BC4ED2C8261EE0021C5D9 /* FirmModel.swift in Sources */,
				492BC4EB2C8260DD0021C5D9 /* FirmCreatePage.swift in Sources */,
				49B5F7962C81D7C5006E7A44 /* FeedPage.swift in Sources */,
				49B5F7922C81D52C006E7A44 /* RegisterViewModel.swift in Sources */,
				49B6C88C2C849247008D62A7 /* AuthInputFieldView.swift in Sources */,
				49B6C8A22C84E3C1008D62A7 /* ReviewCardView.swift in Sources */,
				49B5F79F2C8256D3006E7A44 /* LoadingView.swift in Sources */,
				49B6C8842C836907008D62A7 /* RootView.swift in Sources */,
				49B5F79C2C825283006E7A44 /* FeedViewModel.swift in Sources */,
				49B6C8A02C84C848008D62A7 /* FirmDetailTopView.swift in Sources */,
				492BC4F12C8262AC0021C5D9 /* StarRatingView.swift in Sources */,
				49B5F7882C80FDA8006E7A44 /* AuthService.swift in Sources */,
				49B6C8972C84A007008D62A7 /* SearchPage.swift in Sources */,
				49B5F78C2C80FDE6006E7A44 /* LoginPage.swift in Sources */,
				49B5F7902C80FE43006E7A44 /* UserModel.swift in Sources */,
				49B6C89B2C84BF0E008D62A7 /* FirmPage.swift in Sources */,
				492BC4EF2C8261FA0021C5D9 /* FirmCreateViewModel.swift in Sources */,
				49B6C8882C8375BF008D62A7 /* ProfilePage.swift in Sources */,
				49B6C8952C849FD1008D62A7 /* SearchViewModel.swift in Sources */,
				49B6C8862C83722A008D62A7 /* AuthViewModel.swift in Sources */,
				49B6C8902C84945F008D62A7 /* AuthTopView.swift in Sources */,
				49B5F7982C81E6E3006E7A44 /* FirmTabView.swift in Sources */,
				491F45492C80F6AD00B8CC53 /* TruthFirmApp.swift in Sources */,
				49B6C8992C84BA46008D62A7 /* FirmCardView.swift in Sources */,
				49B6C8802C835594008D62A7 /* Date+Ext.swift in Sources */,
			);
			runOnlyForDeploymentPostprocessing = 0;
		};
/* End PBXSourcesBuildPhase section */

/* Begin XCBuildConfiguration section */
		491F45512C80F6AE00B8CC53 /* Debug */ = {
			isa = XCBuildConfiguration;
			buildSettings = {
				ALWAYS_SEARCH_USER_PATHS = NO;
				ASSETCATALOG_COMPILER_GENERATE_SWIFT_ASSET_SYMBOL_EXTENSIONS = YES;
				CLANG_ANALYZER_NONNULL = YES;
				CLANG_ANALYZER_NUMBER_OBJECT_CONVERSION = YES_AGGRESSIVE;
				CLANG_CXX_LANGUAGE_STANDARD = "gnu++20";
				CLANG_ENABLE_MODULES = YES;
				CLANG_ENABLE_OBJC_ARC = YES;
				CLANG_ENABLE_OBJC_WEAK = YES;
				CLANG_WARN_BLOCK_CAPTURE_AUTORELEASING = YES;
				CLANG_WARN_BOOL_CONVERSION = YES;
				CLANG_WARN_COMMA = YES;
				CLANG_WARN_CONSTANT_CONVERSION = YES;
				CLANG_WARN_DEPRECATED_OBJC_IMPLEMENTATIONS = YES;
				CLANG_WARN_DIRECT_OBJC_ISA_USAGE = YES_ERROR;
				CLANG_WARN_DOCUMENTATION_COMMENTS = YES;
				CLANG_WARN_EMPTY_BODY = YES;
				CLANG_WARN_ENUM_CONVERSION = YES;
				CLANG_WARN_INFINITE_RECURSION = YES;
				CLANG_WARN_INT_CONVERSION = YES;
				CLANG_WARN_NON_LITERAL_NULL_CONVERSION = YES;
				CLANG_WARN_OBJC_IMPLICIT_RETAIN_SELF = YES;
				CLANG_WARN_OBJC_LITERAL_CONVERSION = YES;
				CLANG_WARN_OBJC_ROOT_CLASS = YES_ERROR;
				CLANG_WARN_QUOTED_INCLUDE_IN_FRAMEWORK_HEADER = YES;
				CLANG_WARN_RANGE_LOOP_ANALYSIS = YES;
				CLANG_WARN_STRICT_PROTOTYPES = YES;
				CLANG_WARN_SUSPICIOUS_MOVE = YES;
				CLANG_WARN_UNGUARDED_AVAILABILITY = YES_AGGRESSIVE;
				CLANG_WARN_UNREACHABLE_CODE = YES;
				CLANG_WARN__DUPLICATE_METHOD_MATCH = YES;
				COPY_PHASE_STRIP = NO;
				DEBUG_INFORMATION_FORMAT = dwarf;
				ENABLE_STRICT_OBJC_MSGSEND = YES;
				ENABLE_TESTABILITY = YES;
				ENABLE_USER_SCRIPT_SANDBOXING = YES;
				GCC_C_LANGUAGE_STANDARD = gnu17;
				GCC_DYNAMIC_NO_PIC = NO;
				GCC_NO_COMMON_BLOCKS = YES;
				GCC_OPTIMIZATION_LEVEL = 0;
				GCC_PREPROCESSOR_DEFINITIONS = (
					"DEBUG=1",
					"$(inherited)",
				);
				GCC_WARN_64_TO_32_BIT_CONVERSION = YES;
				GCC_WARN_ABOUT_RETURN_TYPE = YES_ERROR;
				GCC_WARN_UNDECLARED_SELECTOR = YES;
				GCC_WARN_UNINITIALIZED_AUTOS = YES_AGGRESSIVE;
				GCC_WARN_UNUSED_FUNCTION = YES;
				GCC_WARN_UNUSED_VARIABLE = YES;
				IPHONEOS_DEPLOYMENT_TARGET = 17.4;
				LOCALIZATION_PREFERS_STRING_CATALOGS = YES;
				MTL_ENABLE_DEBUG_INFO = INCLUDE_SOURCE;
				MTL_FAST_MATH = YES;
				ONLY_ACTIVE_ARCH = YES;
				SDKROOT = iphoneos;
				SWIFT_ACTIVE_COMPILATION_CONDITIONS = "DEBUG $(inherited)";
				SWIFT_OPTIMIZATION_LEVEL = "-Onone";
			};
			name = Debug;
		};
		491F45522C80F6AE00B8CC53 /* Release */ = {
			isa = XCBuildConfiguration;
			buildSettings = {
				ALWAYS_SEARCH_USER_PATHS = NO;
				ASSETCATALOG_COMPILER_GENERATE_SWIFT_ASSET_SYMBOL_EXTENSIONS = YES;
				CLANG_ANALYZER_NONNULL = YES;
				CLANG_ANALYZER_NUMBER_OBJECT_CONVERSION = YES_AGGRESSIVE;
				CLANG_CXX_LANGUAGE_STANDARD = "gnu++20";
				CLANG_ENABLE_MODULES = YES;
				CLANG_ENABLE_OBJC_ARC = YES;
				CLANG_ENABLE_OBJC_WEAK = YES;
				CLANG_WARN_BLOCK_CAPTURE_AUTORELEASING = YES;
				CLANG_WARN_BOOL_CONVERSION = YES;
				CLANG_WARN_COMMA = YES;
				CLANG_WARN_CONSTANT_CONVERSION = YES;
				CLANG_WARN_DEPRECATED_OBJC_IMPLEMENTATIONS = YES;
				CLANG_WARN_DIRECT_OBJC_ISA_USAGE = YES_ERROR;
				CLANG_WARN_DOCUMENTATION_COMMENTS = YES;
				CLANG_WARN_EMPTY_BODY = YES;
				CLANG_WARN_ENUM_CONVERSION = YES;
				CLANG_WARN_INFINITE_RECURSION = YES;
				CLANG_WARN_INT_CONVERSION = YES;
				CLANG_WARN_NON_LITERAL_NULL_CONVERSION = YES;
				CLANG_WARN_OBJC_IMPLICIT_RETAIN_SELF = YES;
				CLANG_WARN_OBJC_LITERAL_CONVERSION = YES;
				CLANG_WARN_OBJC_ROOT_CLASS = YES_ERROR;
				CLANG_WARN_QUOTED_INCLUDE_IN_FRAMEWORK_HEADER = YES;
				CLANG_WARN_RANGE_LOOP_ANALYSIS = YES;
				CLANG_WARN_STRICT_PROTOTYPES = YES;
				CLANG_WARN_SUSPICIOUS_MOVE = YES;
				CLANG_WARN_UNGUARDED_AVAILABILITY = YES_AGGRESSIVE;
				CLANG_WARN_UNREACHABLE_CODE = YES;
				CLANG_WARN__DUPLICATE_METHOD_MATCH = YES;
				COPY_PHASE_STRIP = NO;
				DEBUG_INFORMATION_FORMAT = "dwarf-with-dsym";
				ENABLE_NS_ASSERTIONS = NO;
				ENABLE_STRICT_OBJC_MSGSEND = YES;
				ENABLE_USER_SCRIPT_SANDBOXING = YES;
				GCC_C_LANGUAGE_STANDARD = gnu17;
				GCC_NO_COMMON_BLOCKS = YES;
				GCC_WARN_64_TO_32_BIT_CONVERSION = YES;
				GCC_WARN_ABOUT_RETURN_TYPE = YES_ERROR;
				GCC_WARN_UNDECLARED_SELECTOR = YES;
				GCC_WARN_UNINITIALIZED_AUTOS = YES_AGGRESSIVE;
				GCC_WARN_UNUSED_FUNCTION = YES;
				GCC_WARN_UNUSED_VARIABLE = YES;
				IPHONEOS_DEPLOYMENT_TARGET = 17.4;
				LOCALIZATION_PREFERS_STRING_CATALOGS = YES;
				MTL_ENABLE_DEBUG_INFO = NO;
				MTL_FAST_MATH = YES;
				SDKROOT = iphoneos;
				SWIFT_COMPILATION_MODE = wholemodule;
				VALIDATE_PRODUCT = YES;
			};
			name = Release;
		};
		491F45542C80F6AE00B8CC53 /* Debug */ = {
			isa = XCBuildConfiguration;
			buildSettings = {
				ASSETCATALOG_COMPILER_APPICON_NAME = AppIcon;
				ASSETCATALOG_COMPILER_GLOBAL_ACCENT_COLOR_NAME = AccentColor;
				CODE_SIGN_STYLE = Automatic;
				CURRENT_PROJECT_VERSION = 1;
				DEVELOPMENT_ASSET_PATHS = "\"TruthFirm/Preview Content\"";
				DEVELOPMENT_TEAM = 9T7P7L9G6Z;
				ENABLE_PREVIEWS = YES;
				GENERATE_INFOPLIST_FILE = YES;
				INFOPLIST_KEY_UIApplicationSceneManifest_Generation = YES;
				INFOPLIST_KEY_UIApplicationSupportsIndirectInputEvents = YES;
				INFOPLIST_KEY_UILaunchScreen_Generation = YES;
				INFOPLIST_KEY_UISupportedInterfaceOrientations_iPad = "UIInterfaceOrientationPortrait UIInterfaceOrientationPortraitUpsideDown UIInterfaceOrientationLandscapeLeft UIInterfaceOrientationLandscapeRight";
				INFOPLIST_KEY_UISupportedInterfaceOrientations_iPhone = "UIInterfaceOrientationPortrait UIInterfaceOrientationLandscapeLeft UIInterfaceOrientationLandscapeRight";
				IPHONEOS_DEPLOYMENT_TARGET = 16.0;
				LD_RUNPATH_SEARCH_PATHS = (
					"$(inherited)",
					"@executable_path/Frameworks",
				);
				MARKETING_VERSION = 1.0;
				PRODUCT_BUNDLE_IDENTIFIER = com.hakantrkmn.TruthFirm;
				PRODUCT_NAME = "$(TARGET_NAME)";
				SWIFT_EMIT_LOC_STRINGS = YES;
				SWIFT_VERSION = 5.0;
				TARGETED_DEVICE_FAMILY = "1,2";
			};
			name = Debug;
		};
		491F45552C80F6AE00B8CC53 /* Release */ = {
			isa = XCBuildConfiguration;
			buildSettings = {
				ASSETCATALOG_COMPILER_APPICON_NAME = AppIcon;
				ASSETCATALOG_COMPILER_GLOBAL_ACCENT_COLOR_NAME = AccentColor;
				CODE_SIGN_STYLE = Automatic;
				CURRENT_PROJECT_VERSION = 1;
				DEVELOPMENT_ASSET_PATHS = "\"TruthFirm/Preview Content\"";
				DEVELOPMENT_TEAM = 9T7P7L9G6Z;
				ENABLE_PREVIEWS = YES;
				GENERATE_INFOPLIST_FILE = YES;
				INFOPLIST_KEY_UIApplicationSceneManifest_Generation = YES;
				INFOPLIST_KEY_UIApplicationSupportsIndirectInputEvents = YES;
				INFOPLIST_KEY_UILaunchScreen_Generation = YES;
				INFOPLIST_KEY_UISupportedInterfaceOrientations_iPad = "UIInterfaceOrientationPortrait UIInterfaceOrientationPortraitUpsideDown UIInterfaceOrientationLandscapeLeft UIInterfaceOrientationLandscapeRight";
				INFOPLIST_KEY_UISupportedInterfaceOrientations_iPhone = "UIInterfaceOrientationPortrait UIInterfaceOrientationLandscapeLeft UIInterfaceOrientationLandscapeRight";
				IPHONEOS_DEPLOYMENT_TARGET = 16.0;
				LD_RUNPATH_SEARCH_PATHS = (
					"$(inherited)",
					"@executable_path/Frameworks",
				);
				MARKETING_VERSION = 1.0;
				PRODUCT_BUNDLE_IDENTIFIER = com.hakantrkmn.TruthFirm;
				PRODUCT_NAME = "$(TARGET_NAME)";
				SWIFT_EMIT_LOC_STRINGS = YES;
				SWIFT_VERSION = 5.0;
				TARGETED_DEVICE_FAMILY = "1,2";
			};
			name = Release;
		};
/* End XCBuildConfiguration section */

/* Begin XCConfigurationList section */
		491F45402C80F6AD00B8CC53 /* Build configuration list for PBXProject "TruthFirm" */ = {
			isa = XCConfigurationList;
			buildConfigurations = (
				491F45512C80F6AE00B8CC53 /* Debug */,
				491F45522C80F6AE00B8CC53 /* Release */,
			);
			defaultConfigurationIsVisible = 0;
			defaultConfigurationName = Release;
		};
		491F45532C80F6AE00B8CC53 /* Build configuration list for PBXNativeTarget "TruthFirm" */ = {
			isa = XCConfigurationList;
			buildConfigurations = (
				491F45542C80F6AE00B8CC53 /* Debug */,
				491F45552C80F6AE00B8CC53 /* Release */,
			);
			defaultConfigurationIsVisible = 0;
			defaultConfigurationName = Release;
		};
/* End XCConfigurationList section */

/* Begin XCRemoteSwiftPackageReference section */
		491F45582C80F79E00B8CC53 /* XCRemoteSwiftPackageReference "firebase-ios-sdk" */ = {
			isa = XCRemoteSwiftPackageReference;
			repositoryURL = "https://github.com/firebase/firebase-ios-sdk";
			requirement = {
				kind = upToNextMajorVersion;
				minimumVersion = 11.1.0;
			};
		};
/* End XCRemoteSwiftPackageReference section */

/* Begin XCSwiftPackageProductDependency section */
		491F45592C80F79E00B8CC53 /* FirebaseAnalytics */ = {
			isa = XCSwiftPackageProductDependency;
			package = 491F45582C80F79E00B8CC53 /* XCRemoteSwiftPackageReference "firebase-ios-sdk" */;
			productName = FirebaseAnalytics;
		};
		491F455B2C80F79E00B8CC53 /* FirebaseAuth */ = {
			isa = XCSwiftPackageProductDependency;
			package = 491F45582C80F79E00B8CC53 /* XCRemoteSwiftPackageReference "firebase-ios-sdk" */;
			productName = FirebaseAuth;
		};
		491F455D2C80F79E00B8CC53 /* FirebaseFirestore */ = {
			isa = XCSwiftPackageProductDependency;
			package = 491F45582C80F79E00B8CC53 /* XCRemoteSwiftPackageReference "firebase-ios-sdk" */;
			productName = FirebaseFirestore;
		};
		49B5F78D2C80FDFD006E7A44 /* FirebaseFunctions */ = {
			isa = XCSwiftPackageProductDependency;
			package = 491F45582C80F79E00B8CC53 /* XCRemoteSwiftPackageReference "firebase-ios-sdk" */;
			productName = FirebaseFunctions;
		};
/* End XCSwiftPackageProductDependency section */
	};
	rootObject = 491F453D2C80F6AD00B8CC53 /* Project object */;
}
